
Microsoft Visual Studio Solution File, Format Version 12.00
# Visual Studio Version 17
VisualStudioVersion = 17.5.33516.290
MinimumVisualStudioVersion = 10.0.40219.1
Project("{FAE04EC0-301F-11D3-BF4B-00C04F79EFBC}") = "LM_03_1_SAT1(b)", "LM_03_1_SAT1(b).csproj", "{288BDF8F-0C5D-43BD-9C56-37874B4C32DA}"
EndProject
Global
	GlobalSection(SolutionConfigurationPlatforms) = preSolution
		Debug|Any CPU = Debug|Any CPU
		Release|Any CPU = Release|Any CPU
	EndGlobalSection
	GlobalSection(ProjectConfigurationPlatforms) = postSolution
		{288BDF8F-0C5D-43BD-9C56-37874B4C32DA}.Debug|Any CPU.ActiveCfg = Debug|Any CPU
		{288BDF8F-0C5D-43BD-9C56-37874B4C32DA}.Debug|Any CPU.Build.0 = Debug|Any CPU
		{288BDF8F-0C5D-43BD-9C56-37874B4C32DA}.Release|Any CPU.ActiveCfg = Release|Any CPU
		{288BDF8F-0C5D-43BD-9C56-37874B4C32DA}.Release|Any CPU.Build.0 = Release|Any CPU
	EndGlobalSection
	GlobalSection(SolutionProperties) = preSolution
		HideSolutionNode = FALSE
	EndGlobalSection
	GlobalSection(ExtensibilityGlobals) = postSolution
		SolutionGuid = {2AB45312-C68F-4D4D-9C85-2842139F3262}
	EndGlobalSection
EndGlobal
