
Microsoft Visual Studio Solution File, Format Version 12.00
# Visual Studio Version 17
VisualStudioVersion = 17.4.33213.308
MinimumVisualStudioVersion = 10.0.40219.1
Project("{FAE04EC0-301F-11D3-BF4B-00C04F79EFBC}") = "LM_03_2_SAT1(b)", "LM_03_2_SAT1(b).csproj", "{07E55B4D-FBF1-4CA4-B8C0-7FB256F7E871}"
EndProject
Global
	GlobalSection(SolutionConfigurationPlatforms) = preSolution
		Debug|Any CPU = Debug|Any CPU
		Release|Any CPU = Release|Any CPU
	EndGlobalSection
	GlobalSection(ProjectConfigurationPlatforms) = postSolution
		{07E55B4D-FBF1-4CA4-B8C0-7FB256F7E871}.Debug|Any CPU.ActiveCfg = Debug|Any CPU
		{07E55B4D-FBF1-4CA4-B8C0-7FB256F7E871}.Debug|Any CPU.Build.0 = Debug|Any CPU
		{07E55B4D-FBF1-4CA4-B8C0-7FB256F7E871}.Release|Any CPU.ActiveCfg = Release|Any CPU
		{07E55B4D-FBF1-4CA4-B8C0-7FB256F7E871}.Release|Any CPU.Build.0 = Release|Any CPU
	EndGlobalSection
	GlobalSection(SolutionProperties) = preSolution
		HideSolutionNode = FALSE
	EndGlobalSection
	GlobalSection(ExtensibilityGlobals) = postSolution
		SolutionGuid = {1F47E956-8B3F-4924-9270-0D0D4EFF3FAD}
	EndGlobalSection
EndGlobal
