
Microsoft Visual Studio Solution File, Format Version 12.00
# Visual Studio Version 17
VisualStudioVersion = 17.4.33213.308
MinimumVisualStudioVersion = 10.0.40219.1
Project("{FAE04EC0-301F-11D3-BF4B-00C04F79EFBC}") = "LM-2_3", "LM-2_3.csproj", "{03998546-39BB-4730-983F-7D691EA9497F}"
EndProject
Global
	GlobalSection(SolutionConfigurationPlatforms) = preSolution
		Debug|Any CPU = Debug|Any CPU
		Release|Any CPU = Release|Any CPU
	EndGlobalSection
	GlobalSection(ProjectConfigurationPlatforms) = postSolution
		{03998546-39BB-4730-983F-7D691EA9497F}.Debug|Any CPU.ActiveCfg = Debug|Any CPU
		{03998546-39BB-4730-983F-7D691EA9497F}.Debug|Any CPU.Build.0 = Debug|Any CPU
		{03998546-39BB-4730-983F-7D691EA9497F}.Release|Any CPU.ActiveCfg = Release|Any CPU
		{03998546-39BB-4730-983F-7D691EA9497F}.Release|Any CPU.Build.0 = Release|Any CPU
	EndGlobalSection
	GlobalSection(SolutionProperties) = preSolution
		HideSolutionNode = FALSE
	EndGlobalSection
	GlobalSection(ExtensibilityGlobals) = postSolution
		SolutionGuid = {731306E8-EF6C-4D27-8C99-3B17255A5A86}
	EndGlobalSection
EndGlobal
