
Microsoft Visual Studio Solution File, Format Version 12.00
# Visual Studio Version 17
VisualStudioVersion = 17.4.33213.308
MinimumVisualStudioVersion = 10.0.40219.1
Project("{FAE04EC0-301F-11D3-BF4B-00C04F79EFBC}") = "LM-1_3", "LM-1_3.csproj", "{9A0C4F7F-0917-4126-B654-B4FE482BDB3A}"
EndProject
Global
	GlobalSection(SolutionConfigurationPlatforms) = preSolution
		Debug|Any CPU = Debug|Any CPU
		Release|Any CPU = Release|Any CPU
	EndGlobalSection
	GlobalSection(ProjectConfigurationPlatforms) = postSolution
		{9A0C4F7F-0917-4126-B654-B4FE482BDB3A}.Debug|Any CPU.ActiveCfg = Debug|Any CPU
		{9A0C4F7F-0917-4126-B654-B4FE482BDB3A}.Debug|Any CPU.Build.0 = Debug|Any CPU
		{9A0C4F7F-0917-4126-B654-B4FE482BDB3A}.Release|Any CPU.ActiveCfg = Release|Any CPU
		{9A0C4F7F-0917-4126-B654-B4FE482BDB3A}.Release|Any CPU.Build.0 = Release|Any CPU
	EndGlobalSection
	GlobalSection(SolutionProperties) = preSolution
		HideSolutionNode = FALSE
	EndGlobalSection
	GlobalSection(ExtensibilityGlobals) = postSolution
		SolutionGuid = {4CA7B8BD-C11A-46B7-8CF6-FC05F4789EA2}
	EndGlobalSection
EndGlobal
