
Microsoft Visual Studio Solution File, Format Version 12.00
# Visual Studio Version 17
VisualStudioVersion = 17.4.33213.308
MinimumVisualStudioVersion = 10.0.40219.1
Project("{FAE04EC0-301F-11D3-BF4B-00C04F79EFBC}") = "LM-2_4", "LM-2_4.csproj", "{9C6389AD-6762-4029-AE5D-0AAB53723988}"
EndProject
Global
	GlobalSection(SolutionConfigurationPlatforms) = preSolution
		Debug|Any CPU = Debug|Any CPU
		Release|Any CPU = Release|Any CPU
	EndGlobalSection
	GlobalSection(ProjectConfigurationPlatforms) = postSolution
		{9C6389AD-6762-4029-AE5D-0AAB53723988}.Debug|Any CPU.ActiveCfg = Debug|Any CPU
		{9C6389AD-6762-4029-AE5D-0AAB53723988}.Debug|Any CPU.Build.0 = Debug|Any CPU
		{9C6389AD-6762-4029-AE5D-0AAB53723988}.Release|Any CPU.ActiveCfg = Release|Any CPU
		{9C6389AD-6762-4029-AE5D-0AAB53723988}.Release|Any CPU.Build.0 = Release|Any CPU
	EndGlobalSection
	GlobalSection(SolutionProperties) = preSolution
		HideSolutionNode = FALSE
	EndGlobalSection
	GlobalSection(ExtensibilityGlobals) = postSolution
		SolutionGuid = {CED1542C-1DFF-4D5B-A9C1-AA2D3C6A102B}
	EndGlobalSection
EndGlobal
